// !$*UTF8*$!
{
	archiveVersion = 1;
	classes = {
	};
	objectVersion = 46;
	objects = {

/* Begin PBXBuildFile section */
		14318C5A1A9180D900CE1797 /* HTTPRequest.m in Sources */ = {isa = PBXBuildFile; fileRef = 14318C591A9180D900CE1797 /* HTTPRequest.m */; };
		14754ABB1A2E58060002CAB2 /* RegisterViewController.m in Sources */ = {isa = PBXBuildFile; fileRef = 14754ABA1A2E58060002CAB2 /* RegisterViewController.m */; };
		14754ACD1A2E6D000002CAB2 /* Item.m in Sources */ = {isa = PBXBuildFile; fileRef = 14754ACC1A2E6D000002CAB2 /* Item.m */; };
		14754AD71A2EA4350002CAB2 /* NewAuctionViewController.m in Sources */ = {isa = PBXBuildFile; fileRef = 14754AD61A2EA4350002CAB2 /* NewAuctionViewController.m */; };
		14754ADD1A2EA4D80002CAB2 /* OngoingAuctionItemViewController.m in Sources */ = {isa = PBXBuildFile; fileRef = 14754ADC1A2EA4D80002CAB2 /* OngoingAuctionItemViewController.m */; };
		14754AE01A2EA5020002CAB2 /* CompleteAuctionItemViewController.m in Sources */ = {isa = PBXBuildFile; fileRef = 14754ADF1A2EA5020002CAB2 /* CompleteAuctionItemViewController.m */; };
		14754AE21A2EAD480002CAB2 /* CompleteAuction.m in Sources */ = {isa = PBXBuildFile; fileRef = 14754AE11A2EAD480002CAB2 /* CompleteAuction.m */; };
		14754AE91A2FF1890002CAB2 /* OngoingAuctionTableViewController.m in Sources */ = {isa = PBXBuildFile; fileRef = 14754AE81A2FF1890002CAB2 /* OngoingAuctionTableViewController.m */; };
		14754AEC1A30030C0002CAB2 /* AuctionsTableViewController.m in Sources */ = {isa = PBXBuildFile; fileRef = 14754AEB1A30030C0002CAB2 /* AuctionsTableViewController.m */; };
		14754AEE1A300A370002CAB2 /* OngoingAuction.m in Sources */ = {isa = PBXBuildFile; fileRef = 14754AED1A300A370002CAB2 /* OngoingAuction.m */; };
		149A80841AAC716E00319A19 /* CompleteAuctionTableViewController.m in Sources */ = {isa = PBXBuildFile; fileRef = 14754AE51A2FB4CC0002CAB2 /* CompleteAuctionTableViewController.m */; };
		14E290F41A71983200924EEE /* NavigationController.m in Sources */ = {isa = PBXBuildFile; fileRef = 14E290F31A71983200924EEE /* NavigationController.m */; };
		14E4D06B1A1EB46D005EA29D /* main.m in Sources */ = {isa = PBXBuildFile; fileRef = 14E4D06A1A1EB46D005EA29D /* main.m */; };
		14E4D06E1A1EB46D005EA29D /* AppDelegate.m in Sources */ = {isa = PBXBuildFile; fileRef = 14E4D06D1A1EB46D005EA29D /* AppDelegate.m */; };
		14E4D0711A1EB46D005EA29D /* LogInViewController.m in Sources */ = {isa = PBXBuildFile; fileRef = 14E4D0701A1EB46D005EA29D /* LogInViewController.m */; };
		14E4D0741A1EB46D005EA29D /* Main.storyboard in Resources */ = {isa = PBXBuildFile; fileRef = 14E4D0721A1EB46D005EA29D /* Main.storyboard */; };
		14E4D0761A1EB46D005EA29D /* Images.xcassets in Resources */ = {isa = PBXBuildFile; fileRef = 14E4D0751A1EB46D005EA29D /* Images.xcassets */; };
		14E4D0791A1EB46D005EA29D /* LaunchScreen.xib in Resources */ = {isa = PBXBuildFile; fileRef = 14E4D0771A1EB46D005EA29D /* LaunchScreen.xib */; };
		14E4D0851A1EB46E005EA29D /* BidrBirdTests.m in Sources */ = {isa = PBXBuildFile; fileRef = 14E4D0841A1EB46E005EA29D /* BidrBirdTests.m */; };
		14E4D08F1A1FEE61005EA29D /* ConstraintManager.m in Sources */ = {isa = PBXBuildFile; fileRef = 14E4D08E1A1FEE61005EA29D /* ConstraintManager.m */; };
		14FA062F1AABC6460070821E /* UpcomingAuction.m in Sources */ = {isa = PBXBuildFile; fileRef = 14FA062E1AABC6460070821E /* UpcomingAuction.m */; };
		14FA06321AABC7830070821E /* Auction.m in Sources */ = {isa = PBXBuildFile; fileRef = 14FA06311AABC7830070821E /* Auction.m */; };
		14FA06381AABCDE90070821E /* UpcomingAuctionTableViewController.m in Sources */ = {isa = PBXBuildFile; fileRef = 14FA06371AABCDE90070821E /* UpcomingAuctionTableViewController.m */; };
		14FA063B1AABD1900070821E /* UpcomingAuctionItemViewController.m in Sources */ = {isa = PBXBuildFile; fileRef = 14FA063A1AABD1900070821E /* UpcomingAuctionItemViewController.m */; };
		14FA063F1AAC661C0070821E /* Bid.m in Sources */ = {isa = PBXBuildFile; fileRef = 14FA063E1AAC661C0070821E /* Bid.m */; };
/* End PBXBuildFile section */

/* Begin PBXContainerItemProxy section */
		14E4D07F1A1EB46E005EA29D /* PBXContainerItemProxy */ = {
			isa = PBXContainerItemProxy;
			containerPortal = 14E4D05D1A1EB46D005EA29D /* Project object */;
			proxyType = 1;
			remoteGlobalIDString = 14E4D0641A1EB46D005EA29D;
			remoteInfo = BidrBird;
		};
/* End PBXContainerItemProxy section */

/* Begin PBXFileReference section */
		14318C581A9180D900CE1797 /* HTTPRequest.h */ = {isa = PBXFileReference; fileEncoding = 4; lastKnownFileType = sourcecode.c.h; path = HTTPRequest.h; sourceTree = "<group>"; };
		14318C591A9180D900CE1797 /* HTTPRequest.m */ = {isa = PBXFileReference; fileEncoding = 4; lastKnownFileType = sourcecode.c.objc; path = HTTPRequest.m; sourceTree = "<group>"; };
		14754AB91A2E58060002CAB2 /* RegisterViewController.h */ = {isa = PBXFileReference; fileEncoding = 4; lastKnownFileType = sourcecode.c.h; path = RegisterViewController.h; sourceTree = "<group>"; };
		14754ABA1A2E58060002CAB2 /* RegisterViewController.m */ = {isa = PBXFileReference; fileEncoding = 4; lastKnownFileType = sourcecode.c.objc; path = RegisterViewController.m; sourceTree = "<group>"; };
		14754ACC1A2E6D000002CAB2 /* Item.m */ = {isa = PBXFileReference; fileEncoding = 4; lastKnownFileType = sourcecode.c.objc; path = Item.m; sourceTree = "<group>"; };
		14754ACE1A2E6D0E0002CAB2 /* Item.h */ = {isa = PBXFileReference; lastKnownFileType = sourcecode.c.h; path = Item.h; sourceTree = "<group>"; };
		14754AD51A2EA4350002CAB2 /* NewAuctionViewController.h */ = {isa = PBXFileReference; fileEncoding = 4; lastKnownFileType = sourcecode.c.h; path = NewAuctionViewController.h; sourceTree = "<group>"; };
		14754AD61A2EA4350002CAB2 /* NewAuctionViewController.m */ = {isa = PBXFileReference; fileEncoding = 4; lastKnownFileType = sourcecode.c.objc; path = NewAuctionViewController.m; sourceTree = "<group>"; };
		14754ADB1A2EA4D80002CAB2 /* OngoingAuctionItemViewController.h */ = {isa = PBXFileReference; fileEncoding = 4; lastKnownFileType = sourcecode.c.h; path = OngoingAuctionItemViewController.h; sourceTree = "<group>"; };
		14754ADC1A2EA4D80002CAB2 /* OngoingAuctionItemViewController.m */ = {isa = PBXFileReference; fileEncoding = 4; lastKnownFileType = sourcecode.c.objc; path = OngoingAuctionItemViewController.m; sourceTree = "<group>"; };
		14754ADE1A2EA5020002CAB2 /* CompleteAuctionItemViewController.h */ = {isa = PBXFileReference; fileEncoding = 4; lastKnownFileType = sourcecode.c.h; path = CompleteAuctionItemViewController.h; sourceTree = "<group>"; };
		14754ADF1A2EA5020002CAB2 /* CompleteAuctionItemViewController.m */ = {isa = PBXFileReference; fileEncoding = 4; lastKnownFileType = sourcecode.c.objc; path = CompleteAuctionItemViewController.m; sourceTree = "<group>"; };
		14754AE11A2EAD480002CAB2 /* CompleteAuction.m */ = {isa = PBXFileReference; fileEncoding = 4; lastKnownFileType = sourcecode.c.objc; path = CompleteAuction.m; sourceTree = "<group>"; };
		14754AE31A2EAD570002CAB2 /* CompleteAuction.h */ = {isa = PBXFileReference; lastKnownFileType = sourcecode.c.h; path = CompleteAuction.h; sourceTree = "<group>"; };
		14754AE41A2FB4CC0002CAB2 /* CompleteAuctionTableViewController.h */ = {isa = PBXFileReference; fileEncoding = 4; lastKnownFileType = sourcecode.c.h; path = CompleteAuctionTableViewController.h; sourceTree = "<group>"; };
		14754AE51A2FB4CC0002CAB2 /* CompleteAuctionTableViewController.m */ = {isa = PBXFileReference; fileEncoding = 4; lastKnownFileType = sourcecode.c.objc; path = CompleteAuctionTableViewController.m; sourceTree = "<group>"; };
		14754AE71A2FF1890002CAB2 /* OngoingAuctionTableViewController.h */ = {isa = PBXFileReference; fileEncoding = 4; lastKnownFileType = sourcecode.c.h; path = OngoingAuctionTableViewController.h; sourceTree = "<group>"; };
		14754AE81A2FF1890002CAB2 /* OngoingAuctionTableViewController.m */ = {isa = PBXFileReference; fileEncoding = 4; lastKnownFileType = sourcecode.c.objc; path = OngoingAuctionTableViewController.m; sourceTree = "<group>"; };
		14754AEA1A30030C0002CAB2 /* AuctionsTableViewController.h */ = {isa = PBXFileReference; fileEncoding = 4; lastKnownFileType = sourcecode.c.h; path = AuctionsTableViewController.h; sourceTree = "<group>"; };
		14754AEB1A30030C0002CAB2 /* AuctionsTableViewController.m */ = {isa = PBXFileReference; fileEncoding = 4; lastKnownFileType = sourcecode.c.objc; path = AuctionsTableViewController.m; sourceTree = "<group>"; };
		14754AED1A300A370002CAB2 /* OngoingAuction.m */ = {isa = PBXFileReference; fileEncoding = 4; lastKnownFileType = sourcecode.c.objc; path = OngoingAuction.m; sourceTree = "<group>"; };
		14754AEF1A300A470002CAB2 /* OngoingAuction.h */ = {isa = PBXFileReference; lastKnownFileType = sourcecode.c.h; path = OngoingAuction.h; sourceTree = "<group>"; };
		14E290F21A71983100924EEE /* NavigationController.h */ = {isa = PBXFileReference; fileEncoding = 4; lastKnownFileType = sourcecode.c.h; path = NavigationController.h; sourceTree = "<group>"; };
		14E290F31A71983200924EEE /* NavigationController.m */ = {isa = PBXFileReference; fileEncoding = 4; lastKnownFileType = sourcecode.c.objc; path = NavigationController.m; sourceTree = "<group>"; };
		14E4D0651A1EB46D005EA29D /* BidrBird.app */ = {isa = PBXFileReference; explicitFileType = wrapper.application; includeInIndex = 0; path = BidrBird.app; sourceTree = BUILT_PRODUCTS_DIR; };
		14E4D0691A1EB46D005EA29D /* Info.plist */ = {isa = PBXFileReference; lastKnownFileType = text.plist.xml; path = Info.plist; sourceTree = "<group>"; };
		14E4D06A1A1EB46D005EA29D /* main.m */ = {isa = PBXFileReference; lastKnownFileType = sourcecode.c.objc; path = main.m; sourceTree = "<group>"; };
		14E4D06C1A1EB46D005EA29D /* AppDelegate.h */ = {isa = PBXFileReference; lastKnownFileType = sourcecode.c.h; path = AppDelegate.h; sourceTree = "<group>"; };
		14E4D06D1A1EB46D005EA29D /* AppDelegate.m */ = {isa = PBXFileReference; lastKnownFileType = sourcecode.c.objc; path = AppDelegate.m; sourceTree = "<group>"; };
		14E4D06F1A1EB46D005EA29D /* LogInViewController.h */ = {isa = PBXFileReference; lastKnownFileType = sourcecode.c.h; path = LogInViewController.h; sourceTree = "<group>"; };
		14E4D0701A1EB46D005EA29D /* LogInViewController.m */ = {isa = PBXFileReference; lastKnownFileType = sourcecode.c.objc; path = LogInViewController.m; sourceTree = "<group>"; };
		14E4D0731A1EB46D005EA29D /* Base */ = {isa = PBXFileReference; lastKnownFileType = file.storyboard; name = Base; path = Base.lproj/Main.storyboard; sourceTree = "<group>"; };
		14E4D0751A1EB46D005EA29D /* Images.xcassets */ = {isa = PBXFileReference; lastKnownFileType = folder.assetcatalog; path = Images.xcassets; sourceTree = "<group>"; };
		14E4D0781A1EB46D005EA29D /* Base */ = {isa = PBXFileReference; lastKnownFileType = file.xib; name = Base; path = Base.lproj/LaunchScreen.xib; sourceTree = "<group>"; };
		14E4D07E1A1EB46E005EA29D /* BidrBirdTests.xctest */ = {isa = PBXFileReference; explicitFileType = wrapper.cfbundle; includeInIndex = 0; path = BidrBirdTests.xctest; sourceTree = BUILT_PRODUCTS_DIR; };
		14E4D0831A1EB46E005EA29D /* Info.plist */ = {isa = PBXFileReference; lastKnownFileType = text.plist.xml; path = Info.plist; sourceTree = "<group>"; };
		14E4D0841A1EB46E005EA29D /* BidrBirdTests.m */ = {isa = PBXFileReference; lastKnownFileType = sourcecode.c.objc; path = BidrBirdTests.m; sourceTree = "<group>"; };
		14E4D08E1A1FEE61005EA29D /* ConstraintManager.m */ = {isa = PBXFileReference; fileEncoding = 4; lastKnownFileType = sourcecode.c.objc; path = ConstraintManager.m; sourceTree = "<group>"; };
		14E4D0901A1FEFE0005EA29D /* ConstraintManager.h */ = {isa = PBXFileReference; fileEncoding = 4; lastKnownFileType = sourcecode.c.h; path = ConstraintManager.h; sourceTree = "<group>"; };
		14FA062D1AABC6460070821E /* UpcomingAuction.h */ = {isa = PBXFileReference; fileEncoding = 4; lastKnownFileType = sourcecode.c.h; path = UpcomingAuction.h; sourceTree = "<group>"; };
		14FA062E1AABC6460070821E /* UpcomingAuction.m */ = {isa = PBXFileReference; fileEncoding = 4; lastKnownFileType = sourcecode.c.objc; path = UpcomingAuction.m; sourceTree = "<group>"; };
		14FA06301AABC7830070821E /* Auction.h */ = {isa = PBXFileReference; fileEncoding = 4; lastKnownFileType = sourcecode.c.h; path = Auction.h; sourceTree = "<group>"; };
		14FA06311AABC7830070821E /* Auction.m */ = {isa = PBXFileReference; fileEncoding = 4; lastKnownFileType = sourcecode.c.objc; path = Auction.m; sourceTree = "<group>"; };
		14FA06361AABCDE90070821E /* UpcomingAuctionTableViewController.h */ = {isa = PBXFileReference; fileEncoding = 4; lastKnownFileType = sourcecode.c.h; path = UpcomingAuctionTableViewController.h; sourceTree = "<group>"; };
		14FA06371AABCDE90070821E /* UpcomingAuctionTableViewController.m */ = {isa = PBXFileReference; fileEncoding = 4; lastKnownFileType = sourcecode.c.objc; path = UpcomingAuctionTableViewController.m; sourceTree = "<group>"; };
		14FA06391AABD1900070821E /* UpcomingAuctionItemViewController.h */ = {isa = PBXFileReference; fileEncoding = 4; lastKnownFileType = sourcecode.c.h; path = UpcomingAuctionItemViewController.h; sourceTree = "<group>"; };
		14FA063A1AABD1900070821E /* UpcomingAuctionItemViewController.m */ = {isa = PBXFileReference; fileEncoding = 4; lastKnownFileType = sourcecode.c.objc; path = UpcomingAuctionItemViewController.m; sourceTree = "<group>"; };
		14FA063D1AAC661C0070821E /* Bid.h */ = {isa = PBXFileReference; fileEncoding = 4; lastKnownFileType = sourcecode.c.h; path = Bid.h; sourceTree = "<group>"; };
		14FA063E1AAC661C0070821E /* Bid.m */ = {isa = PBXFileReference; fileEncoding = 4; lastKnownFileType = sourcecode.c.objc; path = Bid.m; sourceTree = "<group>"; };
/* End PBXFileReference section */

/* Begin PBXFrameworksBuildPhase section */
		14E4D0621A1EB46D005EA29D /* Frameworks */ = {
			isa = PBXFrameworksBuildPhase;
			buildActionMask = 2147483647;
			files = (
			);
			runOnlyForDeploymentPostprocessing = 0;
		};
		14E4D07B1A1EB46E005EA29D /* Frameworks */ = {
			isa = PBXFrameworksBuildPhase;
			buildActionMask = 2147483647;
			files = (
			);
			runOnlyForDeploymentPostprocessing = 0;
		};
/* End PBXFrameworksBuildPhase section */

/* Begin PBXGroup section */
		14E4D05C1A1EB46D005EA29D = {
			isa = PBXGroup;
			children = (
				14E4D0671A1EB46D005EA29D /* BidrBird */,
				14E4D0811A1EB46E005EA29D /* BidrBirdTests */,
				14E4D0661A1EB46D005EA29D /* Products */,
			);
			sourceTree = "<group>";
		};
		14E4D0661A1EB46D005EA29D /* Products */ = {
			isa = PBXGroup;
			children = (
				14E4D0651A1EB46D005EA29D /* BidrBird.app */,
				14E4D07E1A1EB46E005EA29D /* BidrBirdTests.xctest */,
			);
			name = Products;
			sourceTree = "<group>";
		};
		14E4D0671A1EB46D005EA29D /* BidrBird */ = {
			isa = PBXGroup;
			children = (
				14E4D06C1A1EB46D005EA29D /* AppDelegate.h */,
				14E4D06D1A1EB46D005EA29D /* AppDelegate.m */,
				14FA063C1AABD58A0070821E /* AuthenticationViews */,
				14E290F21A71983100924EEE /* NavigationController.h */,
				14E290F31A71983200924EEE /* NavigationController.m */,
				14754AEA1A30030C0002CAB2 /* AuctionsTableViewController.h */,
				14754AEB1A30030C0002CAB2 /* AuctionsTableViewController.m */,
				14FA06331AABCCAA0070821E /* Auctions */,
				14FA06341AABCCE50070821E /* AuctionTableViewControllers */,
				14FA06351AABCD040070821E /* AuctionItemViewControllers */,
				14754AD51A2EA4350002CAB2 /* NewAuctionViewController.h */,
				14754AD61A2EA4350002CAB2 /* NewAuctionViewController.m */,
				14754ACE1A2E6D0E0002CAB2 /* Item.h */,
				14754ACC1A2E6D000002CAB2 /* Item.m */,
				14FA063D1AAC661C0070821E /* Bid.h */,
				14FA063E1AAC661C0070821E /* Bid.m */,
				14E4D0901A1FEFE0005EA29D /* ConstraintManager.h */,
				14E4D08E1A1FEE61005EA29D /* ConstraintManager.m */,
				14318C581A9180D900CE1797 /* HTTPRequest.h */,
				14318C591A9180D900CE1797 /* HTTPRequest.m */,
				14E4D0721A1EB46D005EA29D /* Main.storyboard */,
				14E4D0751A1EB46D005EA29D /* Images.xcassets */,
				14E4D0771A1EB46D005EA29D /* LaunchScreen.xib */,
				14E4D0681A1EB46D005EA29D /* Supporting Files */,
			);
			path = BidrBird;
			sourceTree = "<group>";
		};
		14E4D0681A1EB46D005EA29D /* Supporting Files */ = {
			isa = PBXGroup;
			children = (
				14E4D0691A1EB46D005EA29D /* Info.plist */,
				14E4D06A1A1EB46D005EA29D /* main.m */,
			);
			name = "Supporting Files";
			sourceTree = "<group>";
		};
		14E4D0811A1EB46E005EA29D /* BidrBirdTests */ = {
			isa = PBXGroup;
			children = (
				14E4D0841A1EB46E005EA29D /* BidrBirdTests.m */,
				14E4D0821A1EB46E005EA29D /* Supporting Files */,
			);
			path = BidrBirdTests;
			sourceTree = "<group>";
		};
		14E4D0821A1EB46E005EA29D /* Supporting Files */ = {
			isa = PBXGroup;
			children = (
				14E4D0831A1EB46E005EA29D /* Info.plist */,
			);
			name = "Supporting Files";
			sourceTree = "<group>";
		};
		14FA06331AABCCAA0070821E /* Auctions */ = {
			isa = PBXGroup;
			children = (
				14FA06301AABC7830070821E /* Auction.h */,
				14FA06311AABC7830070821E /* Auction.m */,
				14754AE31A2EAD570002CAB2 /* CompleteAuction.h */,
				14754AE11A2EAD480002CAB2 /* CompleteAuction.m */,
				14754AEF1A300A470002CAB2 /* OngoingAuction.h */,
				14754AED1A300A370002CAB2 /* OngoingAuction.m */,
				14FA062D1AABC6460070821E /* UpcomingAuction.h */,
				14FA062E1AABC6460070821E /* UpcomingAuction.m */,
			);
			name = Auctions;
			sourceTree = "<group>";
		};
		14FA06341AABCCE50070821E /* AuctionTableViewControllers */ = {
			isa = PBXGroup;
			children = (
				14FA06361AABCDE90070821E /* UpcomingAuctionTableViewController.h */,
				14FA06371AABCDE90070821E /* UpcomingAuctionTableViewController.m */,
				14754AE71A2FF1890002CAB2 /* OngoingAuctionTableViewController.h */,
				14754AE81A2FF1890002CAB2 /* OngoingAuctionTableViewController.m */,
				14754AE41A2FB4CC0002CAB2 /* CompleteAuctionTableViewController.h */,
				14754AE51A2FB4CC0002CAB2 /* CompleteAuctionTableViewController.m */,
			);
			name = AuctionTableViewControllers;
			sourceTree = "<group>";
		};
		14FA06351AABCD040070821E /* AuctionItemViewControllers */ = {
			isa = PBXGroup;
			children = (
				14FA06391AABD1900070821E /* UpcomingAuctionItemViewController.h */,
				14FA063A1AABD1900070821E /* UpcomingAuctionItemViewController.m */,
				14754ADB1A2EA4D80002CAB2 /* OngoingAuctionItemViewController.h */,
				14754ADC1A2EA4D80002CAB2 /* OngoingAuctionItemViewController.m */,
				14754ADE1A2EA5020002CAB2 /* CompleteAuctionItemViewController.h */,
				14754ADF1A2EA5020002CAB2 /* CompleteAuctionItemViewController.m */,
			);
			name = AuctionItemViewControllers;
			sourceTree = "<group>";
		};
		14FA063C1AABD58A0070821E /* AuthenticationViews */ = {
			isa = PBXGroup;
			children = (
				14E4D06F1A1EB46D005EA29D /* LogInViewController.h */,
				14E4D0701A1EB46D005EA29D /* LogInViewController.m */,
				14754AB91A2E58060002CAB2 /* RegisterViewController.h */,
				14754ABA1A2E58060002CAB2 /* RegisterViewController.m */,
			);
			name = AuthenticationViews;
			sourceTree = "<group>";
		};
/* End PBXGroup section */

/* Begin PBXNativeTarget section */
		14E4D0641A1EB46D005EA29D /* BidrBird */ = {
			isa = PBXNativeTarget;
			buildConfigurationList = 14E4D0881A1EB46E005EA29D /* Build configuration list for PBXNativeTarget "BidrBird" */;
			buildPhases = (
				14E4D0611A1EB46D005EA29D /* Sources */,
				14E4D0621A1EB46D005EA29D /* Frameworks */,
				14E4D0631A1EB46D005EA29D /* Resources */,
			);
			buildRules = (
			);
			dependencies = (
			);
			name = BidrBird;
			productName = BidrBird;
			productReference = 14E4D0651A1EB46D005EA29D /* BidrBird.app */;
			productType = "com.apple.product-type.application";
		};
		14E4D07D1A1EB46E005EA29D /* BidrBirdTests */ = {
			isa = PBXNativeTarget;
			buildConfigurationList = 14E4D08B1A1EB46E005EA29D /* Build configuration list for PBXNativeTarget "BidrBirdTests" */;
			buildPhases = (
				14E4D07A1A1EB46E005EA29D /* Sources */,
				14E4D07B1A1EB46E005EA29D /* Frameworks */,
				14E4D07C1A1EB46E005EA29D /* Resources */,
			);
			buildRules = (
			);
			dependencies = (
				14E4D0801A1EB46E005EA29D /* PBXTargetDependency */,
			);
			name = BidrBirdTests;
			productName = BidrBirdTests;
			productReference = 14E4D07E1A1EB46E005EA29D /* BidrBirdTests.xctest */;
			productType = "com.apple.product-type.bundle.unit-test";
		};
/* End PBXNativeTarget section */

/* Begin PBXProject section */
		14E4D05D1A1EB46D005EA29D /* Project object */ = {
			isa = PBXProject;
			attributes = {
				LastUpgradeCheck = 0600;
				ORGANIZATIONNAME = "Zachary Glazer";
				TargetAttributes = {
					14E4D0641A1EB46D005EA29D = {
						CreatedOnToolsVersion = 6.0.1;
					};
					14E4D07D1A1EB46E005EA29D = {
						CreatedOnToolsVersion = 6.0.1;
						TestTargetID = 14E4D0641A1EB46D005EA29D;
					};
				};
			};
			buildConfigurationList = 14E4D0601A1EB46D005EA29D /* Build configuration list for PBXProject "BidrBird" */;
			compatibilityVersion = "Xcode 3.2";
			developmentRegion = English;
			hasScannedForEncodings = 0;
			knownRegions = (
				en,
				Base,
			);
			mainGroup = 14E4D05C1A1EB46D005EA29D;
			productRefGroup = 14E4D0661A1EB46D005EA29D /* Products */;
			projectDirPath = "";
			projectRoot = "";
			targets = (
				14E4D0641A1EB46D005EA29D /* BidrBird */,
				14E4D07D1A1EB46E005EA29D /* BidrBirdTests */,
			);
		};
/* End PBXProject section */

/* Begin PBXResourcesBuildPhase section */
		14E4D0631A1EB46D005EA29D /* Resources */ = {
			isa = PBXResourcesBuildPhase;
			buildActionMask = 2147483647;
			files = (
				14E4D0741A1EB46D005EA29D /* Main.storyboard in Resources */,
				14E4D0791A1EB46D005EA29D /* LaunchScreen.xib in Resources */,
				14E4D0761A1EB46D005EA29D /* Images.xcassets in Resources */,
			);
			runOnlyForDeploymentPostprocessing = 0;
		};
		14E4D07C1A1EB46E005EA29D /* Resources */ = {
			isa = PBXResourcesBuildPhase;
			buildActionMask = 2147483647;
			files = (
			);
			runOnlyForDeploymentPostprocessing = 0;
		};
/* End PBXResourcesBuildPhase section */

/* Begin PBXSourcesBuildPhase section */
		14E4D0611A1EB46D005EA29D /* Sources */ = {
			isa = PBXSourcesBuildPhase;
			buildActionMask = 2147483647;
			files = (
				14754AE01A2EA5020002CAB2 /* CompleteAuctionItemViewController.m in Sources */,
				14318C5A1A9180D900CE1797 /* HTTPRequest.m in Sources */,
				14754AE21A2EAD480002CAB2 /* CompleteAuction.m in Sources */,
				14754ACD1A2E6D000002CAB2 /* Item.m in Sources */,
				14754ABB1A2E58060002CAB2 /* RegisterViewController.m in Sources */,
				14E4D0711A1EB46D005EA29D /* LogInViewController.m in Sources */,
				14E4D06E1A1EB46D005EA29D /* AppDelegate.m in Sources */,
				14FA06381AABCDE90070821E /* UpcomingAuctionTableViewController.m in Sources */,
				14754AE91A2FF1890002CAB2 /* OngoingAuctionTableViewController.m in Sources */,
				14E4D08F1A1FEE61005EA29D /* ConstraintManager.m in Sources */,
				14FA062F1AABC6460070821E /* UpcomingAuction.m in Sources */,
				14FA063F1AAC661C0070821E /* Bid.m in Sources */,
				14754AEC1A30030C0002CAB2 /* AuctionsTableViewController.m in Sources */,
				14FA06321AABC7830070821E /* Auction.m in Sources */,
				14E4D06B1A1EB46D005EA29D /* main.m in Sources */,
				149A80841AAC716E00319A19 /* CompleteAuctionTableViewController.m in Sources */,
				14754ADD1A2EA4D80002CAB2 /* OngoingAuctionItemViewController.m in Sources */,
				14E290F41A71983200924EEE /* NavigationController.m in Sources */,
				14754AD71A2EA4350002CAB2 /* NewAuctionViewController.m in Sources */,
				14754AEE1A300A370002CAB2 /* OngoingAuction.m in Sources */,
				14FA063B1AABD1900070821E /* UpcomingAuctionItemViewController.m in Sources */,
			);
			runOnlyForDeploymentPostprocessing = 0;
		};
		14E4D07A1A1EB46E005EA29D /* Sources */ = {
			isa = PBXSourcesBuildPhase;
			buildActionMask = 2147483647;
			files = (
				14E4D0851A1EB46E005EA29D /* BidrBirdTests.m in Sources */,
			);
			runOnlyForDeploymentPostprocessing = 0;
		};
/* End PBXSourcesBuildPhase section */

/* Begin PBXTargetDependency section */
		14E4D0801A1EB46E005EA29D /* PBXTargetDependency */ = {
			isa = PBXTargetDependency;
			target = 14E4D0641A1EB46D005EA29D /* BidrBird */;
			targetProxy = 14E4D07F1A1EB46E005EA29D /* PBXContainerItemProxy */;
		};
/* End PBXTargetDependency section */

/* Begin PBXVariantGroup section */
		14E4D0721A1EB46D005EA29D /* Main.storyboard */ = {
			isa = PBXVariantGroup;
			children = (
				14E4D0731A1EB46D005EA29D /* Base */,
			);
			name = Main.storyboard;
			sourceTree = "<group>";
		};
		14E4D0771A1EB46D005EA29D /* LaunchScreen.xib */ = {
			isa = PBXVariantGroup;
			children = (
				14E4D0781A1EB46D005EA29D /* Base */,
			);
			name = LaunchScreen.xib;
			sourceTree = "<group>";
		};
/* End PBXVariantGroup section */

/* Begin XCBuildConfiguration section */
		14E4D0861A1EB46E005EA29D /* Debug */ = {
			isa = XCBuildConfiguration;
			buildSettings = {
				ALWAYS_SEARCH_USER_PATHS = NO;
				CLANG_CXX_LANGUAGE_STANDARD = "gnu++0x";
				CLANG_CXX_LIBRARY = "libc++";
				CLANG_ENABLE_MODULES = YES;
				CLANG_ENABLE_OBJC_ARC = YES;
				CLANG_WARN_BOOL_CONVERSION = YES;
				CLANG_WARN_CONSTANT_CONVERSION = YES;
				CLANG_WARN_DIRECT_OBJC_ISA_USAGE = YES_ERROR;
				CLANG_WARN_EMPTY_BODY = YES;
				CLANG_WARN_ENUM_CONVERSION = YES;
				CLANG_WARN_INT_CONVERSION = YES;
				CLANG_WARN_OBJC_ROOT_CLASS = YES_ERROR;
				CLANG_WARN_UNREACHABLE_CODE = YES;
				CLANG_WARN__DUPLICATE_METHOD_MATCH = YES;
				"CODE_SIGN_IDENTITY[sdk=iphoneos*]" = "iPhone Developer";
				COPY_PHASE_STRIP = NO;
				ENABLE_STRICT_OBJC_MSGSEND = YES;
				GCC_C_LANGUAGE_STANDARD = gnu99;
				GCC_DYNAMIC_NO_PIC = NO;
				GCC_OPTIMIZATION_LEVEL = 0;
				GCC_PREPROCESSOR_DEFINITIONS = (
					"DEBUG=1",
					"$(inherited)",
				);
				GCC_SYMBOLS_PRIVATE_EXTERN = NO;
				GCC_WARN_64_TO_32_BIT_CONVERSION = YES;
				GCC_WARN_ABOUT_RETURN_TYPE = YES_ERROR;
				GCC_WARN_UNDECLARED_SELECTOR = YES;
				GCC_WARN_UNINITIALIZED_AUTOS = YES_AGGRESSIVE;
				GCC_WARN_UNUSED_FUNCTION = YES;
				GCC_WARN_UNUSED_VARIABLE = YES;
				IPHONEOS_DEPLOYMENT_TARGET = 7.1;
				MTL_ENABLE_DEBUG_INFO = YES;
				ONLY_ACTIVE_ARCH = YES;
				SDKROOT = iphoneos;
				TARGETED_DEVICE_FAMILY = "1,2";
			};
			name = Debug;
		};
		14E4D0871A1EB46E005EA29D /* Release */ = {
			isa = XCBuildConfiguration;
			buildSettings = {
				ALWAYS_SEARCH_USER_PATHS = NO;
				CLANG_CXX_LANGUAGE_STANDARD = "gnu++0x";
				CLANG_CXX_LIBRARY = "libc++";
				CLANG_ENABLE_MODULES = YES;
				CLANG_ENABLE_OBJC_ARC = YES;
				CLANG_WARN_BOOL_CONVERSION = YES;
				CLANG_WARN_CONSTANT_CONVERSION = YES;
				CLANG_WARN_DIRECT_OBJC_ISA_USAGE = YES_ERROR;
				CLANG_WARN_EMPTY_BODY = YES;
				CLANG_WARN_ENUM_CONVERSION = YES;
				CLANG_WARN_INT_CONVERSION = YES;
				CLANG_WARN_OBJC_ROOT_CLASS = YES_ERROR;
				CLANG_WARN_UNREACHABLE_CODE = YES;
				CLANG_WARN__DUPLICATE_METHOD_MATCH = YES;
				"CODE_SIGN_IDENTITY[sdk=iphoneos*]" = "iPhone Developer";
				COPY_PHASE_STRIP = YES;
				ENABLE_NS_ASSERTIONS = NO;
				ENABLE_STRICT_OBJC_MSGSEND = YES;
				GCC_C_LANGUAGE_STANDARD = gnu99;
				GCC_WARN_64_TO_32_BIT_CONVERSION = YES;
				GCC_WARN_ABOUT_RETURN_TYPE = YES_ERROR;
				GCC_WARN_UNDECLARED_SELECTOR = YES;
				GCC_WARN_UNINITIALIZED_AUTOS = YES_AGGRESSIVE;
				GCC_WARN_UNUSED_FUNCTION = YES;
				GCC_WARN_UNUSED_VARIABLE = YES;
				IPHONEOS_DEPLOYMENT_TARGET = 7.1;
				MTL_ENABLE_DEBUG_INFO = NO;
				SDKROOT = iphoneos;
				TARGETED_DEVICE_FAMILY = "1,2";
				VALIDATE_PRODUCT = YES;
			};
			name = Release;
		};
		14E4D0891A1EB46E005EA29D /* Debug */ = {
			isa = XCBuildConfiguration;
			buildSettings = {
				ASSETCATALOG_COMPILER_APPICON_NAME = AppIcon;
				INFOPLIST_FILE = BidrBird/Info.plist;
				LD_RUNPATH_SEARCH_PATHS = "$(inherited) @executable_path/Frameworks";
				PRODUCT_NAME = "$(TARGET_NAME)";
			};
			name = Debug;
		};
		14E4D08A1A1EB46E005EA29D /* Release */ = {
			isa = XCBuildConfiguration;
			buildSettings = {
				ASSETCATALOG_COMPILER_APPICON_NAME = AppIcon;
				INFOPLIST_FILE = BidrBird/Info.plist;
				LD_RUNPATH_SEARCH_PATHS = "$(inherited) @executable_path/Frameworks";
				PRODUCT_NAME = "$(TARGET_NAME)";
			};
			name = Release;
		};
		14E4D08C1A1EB46E005EA29D /* Debug */ = {
			isa = XCBuildConfiguration;
			buildSettings = {
				BUNDLE_LOADER = "$(TEST_HOST)";
				FRAMEWORK_SEARCH_PATHS = (
					"$(SDKROOT)/Developer/Library/Frameworks",
					"$(inherited)",
				);
				GCC_PREPROCESSOR_DEFINITIONS = (
					"DEBUG=1",
					"$(inherited)",
				);
				INFOPLIST_FILE = BidrBirdTests/Info.plist;
				LD_RUNPATH_SEARCH_PATHS = "$(inherited) @executable_path/Frameworks @loader_path/Frameworks";
				PRODUCT_NAME = "$(TARGET_NAME)";
				TEST_HOST = "$(BUILT_PRODUCTS_DIR)/BidrBird.app/BidrBird";
			};
			name = Debug;
		};
		14E4D08D1A1EB46E005EA29D /* Release */ = {
			isa = XCBuildConfiguration;
			buildSettings = {
				BUNDLE_LOADER = "$(TEST_HOST)";
				FRAMEWORK_SEARCH_PATHS = (
					"$(SDKROOT)/Developer/Library/Frameworks",
					"$(inherited)",
				);
				INFOPLIST_FILE = BidrBirdTests/Info.plist;
				LD_RUNPATH_SEARCH_PATHS = "$(inherited) @executable_path/Frameworks @loader_path/Frameworks";
				PRODUCT_NAME = "$(TARGET_NAME)";
				TEST_HOST = "$(BUILT_PRODUCTS_DIR)/BidrBird.app/BidrBird";
			};
			name = Release;
		};
/* End XCBuildConfiguration section */

/* Begin XCConfigurationList section */
		14E4D0601A1EB46D005EA29D /* Build configuration list for PBXProject "BidrBird" */ = {
			isa = XCConfigurationList;
			buildConfigurations = (
				14E4D0861A1EB46E005EA29D /* Debug */,
				14E4D0871A1EB46E005EA29D /* Release */,
			);
			defaultConfigurationIsVisible = 0;
			defaultConfigurationName = Release;
		};
		14E4D0881A1EB46E005EA29D /* Build configuration list for PBXNativeTarget "BidrBird" */ = {
			isa = XCConfigurationList;
			buildConfigurations = (
				14E4D0891A1EB46E005EA29D /* Debug */,
				14E4D08A1A1EB46E005EA29D /* Release */,
			);
			defaultConfigurationIsVisible = 0;
			defaultConfigurationName = Release;
		};
		14E4D08B1A1EB46E005EA29D /* Build configuration list for PBXNativeTarget "BidrBirdTests" */ = {
			isa = XCConfigurationList;
			buildConfigurations = (
				14E4D08C1A1EB46E005EA29D /* Debug */,
				14E4D08D1A1EB46E005EA29D /* Release */,
			);
			defaultConfigurationIsVisible = 0;
			defaultConfigurationName = Release;
		};
/* End XCConfigurationList section */
	};
	rootObject = 14E4D05D1A1EB46D005EA29D /* Project object */;
}
